
Microsoft Visual Studio Solution File, Format Version 12.00
# Visual Studio 15
VisualStudioVersion = 15.0.27703.2026
MinimumVisualStudioVersion = 10.0.40219.1
Project("{9A19103F-16F7-4668-BE54-9A1E7A4F7556}") = "AspNetCore.LocalizationExample", "AspNetCore.LocalizationExample\AspNetCore.LocalizationExample.csproj", "{1A06F68F-ABE8-4398-8CCA-EE99858AA32D}"
EndProject
Project("{9A19103F-16F7-4668-BE54-9A1E7A4F7556}") = "AspNetCore.LocalizationExample.Routing", "AspNetCore.LocalizationExample.Routing\AspNetCore.LocalizationExample.Routing.csproj", "{DBA76133-A28C-48DB-9F5D-116AA0FCE4A2}"
EndProject
Global
	GlobalSection(SolutionConfigurationPlatforms) = preSolution
		Debug|Any CPU = Debug|Any CPU
		Release|Any CPU = Release|Any CPU
	EndGlobalSection
	GlobalSection(ProjectConfigurationPlatforms) = postSolution
		{1A06F68F-ABE8-4398-8CCA-EE99858AA32D}.Debug|Any CPU.ActiveCfg = Debug|Any CPU
		{1A06F68F-ABE8-4398-8CCA-EE99858AA32D}.Debug|Any CPU.Build.0 = Debug|Any CPU
		{1A06F68F-ABE8-4398-8CCA-EE99858AA32D}.Release|Any CPU.ActiveCfg = Release|Any CPU
		{1A06F68F-ABE8-4398-8CCA-EE99858AA32D}.Release|Any CPU.Build.0 = Release|Any CPU
		{DBA76133-A28C-48DB-9F5D-116AA0FCE4A2}.Debug|Any CPU.ActiveCfg = Debug|Any CPU
		{DBA76133-A28C-48DB-9F5D-116AA0FCE4A2}.Debug|Any CPU.Build.0 = Debug|Any CPU
		{DBA76133-A28C-48DB-9F5D-116AA0FCE4A2}.Release|Any CPU.ActiveCfg = Release|Any CPU
		{DBA76133-A28C-48DB-9F5D-116AA0FCE4A2}.Release|Any CPU.Build.0 = Release|Any CPU
	EndGlobalSection
	GlobalSection(SolutionProperties) = preSolution
		HideSolutionNode = FALSE
	EndGlobalSection
	GlobalSection(ExtensibilityGlobals) = postSolution
		SolutionGuid = {E34ECF91-EEC8-4A3E-B61B-A588DD07C541}
	EndGlobalSection
EndGlobal
